
Microsoft Visual Studio Solution File, Format Version 12.00
# Visual Studio Version 17
VisualStudioVersion = 17.2.32630.192
MinimumVisualStudioVersion = 10.0.40219.1
Project("{FAE04EC0-301F-11D3-BF4B-00C04F79EFBC}") = "EntityFrameWork", "EntityFrameWork\EntityFrameWork.csproj", "{1B5CD079-2EA9-4667-9C9E-7A07ED56C005}"
EndProject
Global
	GlobalSection(SolutionConfigurationPlatforms) = preSolution
		Debug|Any CPU = Debug|Any CPU
		Release|Any CPU = Release|Any CPU
	EndGlobalSection
	GlobalSection(ProjectConfigurationPlatforms) = postSolution
		{1B5CD079-2EA9-4667-9C9E-7A07ED56C005}.Debug|Any CPU.ActiveCfg = Debug|Any CPU
		{1B5CD079-2EA9-4667-9C9E-7A07ED56C005}.Debug|Any CPU.Build.0 = Debug|Any CPU
		{1B5CD079-2EA9-4667-9C9E-7A07ED56C005}.Release|Any CPU.ActiveCfg = Release|Any CPU
		{1B5CD079-2EA9-4667-9C9E-7A07ED56C005}.Release|Any CPU.Build.0 = Release|Any CPU
	EndGlobalSection
	GlobalSection(SolutionProperties) = preSolution
		HideSolutionNode = FALSE
	EndGlobalSection
	GlobalSection(ExtensibilityGlobals) = postSolution
		SolutionGuid = {C41A2832-7E61-42A2-B661-C86FA7BAFC11}
	EndGlobalSection
EndGlobal
